
Microsoft Visual Studio Solution File, Format Version 12.00
# Visual Studio 15
VisualStudioVersion = 15.0.28010.2036
MinimumVisualStudioVersion = 10.0.40219.1
Project("{FAE04EC0-301F-11D3-BF4B-00C04F79EFBC}") = "FEMethodProject", "FEMethodProject\FEMethodProject.csproj", "{01F77EE6-58BB-4C9F-A8E9-69E027F9C4AB}"
EndProject
Global
	GlobalSection(SolutionConfigurationPlatforms) = preSolution
		Debug|Any CPU = Debug|Any CPU
		Release|Any CPU = Release|Any CPU
	EndGlobalSection
	GlobalSection(ProjectConfigurationPlatforms) = postSolution
		{01F77EE6-58BB-4C9F-A8E9-69E027F9C4AB}.Debug|Any CPU.ActiveCfg = Debug|Any CPU
		{01F77EE6-58BB-4C9F-A8E9-69E027F9C4AB}.Debug|Any CPU.Build.0 = Debug|Any CPU
		{01F77EE6-58BB-4C9F-A8E9-69E027F9C4AB}.Release|Any CPU.ActiveCfg = Release|Any CPU
		{01F77EE6-58BB-4C9F-A8E9-69E027F9C4AB}.Release|Any CPU.Build.0 = Release|Any CPU
	EndGlobalSection
	GlobalSection(SolutionProperties) = preSolution
		HideSolutionNode = FALSE
	EndGlobalSection
	GlobalSection(ExtensibilityGlobals) = postSolution
		SolutionGuid = {1B7CB176-E890-4634-BCD1-B78A309FA67B}
	EndGlobalSection
EndGlobal
